// !$*UTF8*$!
{
	archiveVersion = 1;
	classes = {
	};
	objectVersion = 46;
	objects = {

/* Begin PBXBuildFile section */
		3929292A1E15CF0500226A96 /* AppDelegate.swift in Sources */ = {isa = PBXBuildFile; fileRef = 392929291E15CF0500226A96 /* AppDelegate.swift */; };
		3929292C1E15CF0500226A96 /* ViewController.swift in Sources */ = {isa = PBXBuildFile; fileRef = 3929292B1E15CF0500226A96 /* ViewController.swift */; };
		3929292F1E15CF0500226A96 /* Main.storyboard in Resources */ = {isa = PBXBuildFile; fileRef = 3929292D1E15CF0500226A96 /* Main.storyboard */; };
		392929311E15CF0500226A96 /* Assets.xcassets in Resources */ = {isa = PBXBuildFile; fileRef = 392929301E15CF0500226A96 /* Assets.xcassets */; };
		392929341E15CF0500226A96 /* LaunchScreen.storyboard in Resources */ = {isa = PBXBuildFile; fileRef = 392929321E15CF0500226A96 /* LaunchScreen.storyboard */; };
		39A123641E1870FA008421F2 /* SecondViewController.swift in Sources */ = {isa = PBXBuildFile; fileRef = 39A123631E1870FA008421F2 /* SecondViewController.swift */; };
/* End PBXBuildFile section */

/* Begin PBXFileReference section */
		392929261E15CF0500226A96 /* UdemyFortyThree.app */ = {isa = PBXFileReference; explicitFileType = wrapper.application; includeInIndex = 0; path = UdemyFortyThree.app; sourceTree = BUILT_PRODUCTS_DIR; };
		392929291E15CF0500226A96 /* AppDelegate.swift */ = {isa = PBXFileReference; lastKnownFileType = sourcecode.swift; path = AppDelegate.swift; sourceTree = "<group>"; };
		3929292B1E15CF0500226A96 /* ViewController.swift */ = {isa = PBXFileReference; lastKnownFileType = sourcecode.swift; path = ViewController.swift; sourceTree = "<group>"; };
		3929292E1E15CF0500226A96 /* Base */ = {isa = PBXFileReference; lastKnownFileType = file.storyboard; name = Base; path = Base.lproj/Main.storyboard; sourceTree = "<group>"; };
		392929301E15CF0500226A96 /* Assets.xcassets */ = {isa = PBXFileReference; lastKnownFileType = folder.assetcatalog; path = Assets.xcassets; sourceTree = "<group>"; };
		392929331E15CF0500226A96 /* Base */ = {isa = PBXFileReference; lastKnownFileType = file.storyboard; name = Base; path = Base.lproj/LaunchScreen.storyboard; sourceTree = "<group>"; };
		392929351E15CF0500226A96 /* Info.plist */ = {isa = PBXFileReference; lastKnownFileType = text.plist.xml; path = Info.plist; sourceTree = "<group>"; };
		39A123631E1870FA008421F2 /* SecondViewController.swift */ = {isa = PBXFileReference; fileEncoding = 4; lastKnownFileType = sourcecode.swift; path = SecondViewController.swift; sourceTree = "<group>"; };
/* End PBXFileReference section */

/* Begin PBXFrameworksBuildPhase section */
		392929231E15CF0500226A96 /* Frameworks */ = {
			isa = PBXFrameworksBuildPhase;
			buildActionMask = 2147483647;
			files = (
			);
			runOnlyForDeploymentPostprocessing = 0;
		};
/* End PBXFrameworksBuildPhase section */

/* Begin PBXGroup section */
		3929291D1E15CF0500226A96 = {
			isa = PBXGroup;
			children = (
				392929281E15CF0500226A96 /* UdemyFortyThree */,
				392929271E15CF0500226A96 /* Products */,
			);
			sourceTree = "<group>";
		};
		392929271E15CF0500226A96 /* Products */ = {
			isa = PBXGroup;
			children = (
				392929261E15CF0500226A96 /* UdemyFortyThree.app */,
			);
			name = Products;
			sourceTree = "<group>";
		};
		392929281E15CF0500226A96 /* UdemyFortyThree */ = {
			isa = PBXGroup;
			children = (
				392929291E15CF0500226A96 /* AppDelegate.swift */,
				3929292B1E15CF0500226A96 /* ViewController.swift */,
				3929292D1E15CF0500226A96 /* Main.storyboard */,
				392929301E15CF0500226A96 /* Assets.xcassets */,
				392929321E15CF0500226A96 /* LaunchScreen.storyboard */,
				39A123631E1870FA008421F2 /* SecondViewController.swift */,
				392929351E15CF0500226A96 /* Info.plist */,
			);
			path = UdemyFortyThree;
			sourceTree = "<group>";
		};
/* End PBXGroup section */

/* Begin PBXNativeTarget section */
		392929251E15CF0500226A96 /* UdemyFortyThree */ = {
			isa = PBXNativeTarget;
			buildConfigurationList = 392929381E15CF0500226A96 /* Build configuration list for PBXNativeTarget "UdemyFortyThree" */;
			buildPhases = (
				392929221E15CF0500226A96 /* Sources */,
				392929231E15CF0500226A96 /* Frameworks */,
				392929241E15CF0500226A96 /* Resources */,
			);
			buildRules = (
			);
			dependencies = (
			);
			name = UdemyFortyThree;
			productName = UdemyFortyThree;
			productReference = 392929261E15CF0500226A96 /* UdemyFortyThree.app */;
			productType = "com.apple.product-type.application";
		};
/* End PBXNativeTarget section */

/* Begin PBXProject section */
		3929291E1E15CF0500226A96 /* Project object */ = {
			isa = PBXProject;
			attributes = {
				LastSwiftUpdateCheck = 0820;
				LastUpgradeCheck = 0820;
				ORGANIZATIONNAME = "Ravideep Dhupia";
				TargetAttributes = {
					392929251E15CF0500226A96 = {
						CreatedOnToolsVersion = 8.2.1;
						DevelopmentTeam = C39863V99C;
						ProvisioningStyle = Automatic;
					};
				};
			};
			buildConfigurationList = 392929211E15CF0500226A96 /* Build configuration list for PBXProject "UdemyFortyThree" */;
			compatibilityVersion = "Xcode 3.2";
			developmentRegion = English;
			hasScannedForEncodings = 0;
			knownRegions = (
				en,
				Base,
			);
			mainGroup = 3929291D1E15CF0500226A96;
			productRefGroup = 392929271E15CF0500226A96 /* Products */;
			projectDirPath = "";
			projectRoot = "";
			targets = (
				392929251E15CF0500226A96 /* UdemyFortyThree */,
			);
		};
/* End PBXProject section */

/* Begin PBXResourcesBuildPhase section */
		392929241E15CF0500226A96 /* Resources */ = {
			isa = PBXResourcesBuildPhase;
			buildActionMask = 2147483647;
			files = (
				392929341E15CF0500226A96 /* LaunchScreen.storyboard in Resources */,
				392929311E15CF0500226A96 /* Assets.xcassets in Resources */,
				3929292F1E15CF0500226A96 /* Main.storyboard in Resources */,
			);
			runOnlyForDeploymentPostprocessing = 0;
		};
/* End PBXResourcesBuildPhase section */

/* Begin PBXSourcesBuildPhase section */
		392929221E15CF0500226A96 /* Sources */ = {
			isa = PBXSourcesBuildPhase;
			buildActionMask = 2147483647;
			files = (
				39A123641E1870FA008421F2 /* SecondViewController.swift in Sources */,
				3929292C1E15CF0500226A96 /* ViewController.swift in Sources */,
				3929292A1E15CF0500226A96 /* AppDelegate.swift in Sources */,
			);
			runOnlyForDeploymentPostprocessing = 0;
		};
/* End PBXSourcesBuildPhase section */

/* Begin PBXVariantGroup section */
		3929292D1E15CF0500226A96 /* Main.storyboard */ = {
			isa = PBXVariantGroup;
			children = (
				3929292E1E15CF0500226A96 /* Base */,
			);
			name = Main.storyboard;
			sourceTree = "<group>";
		};
		392929321E15CF0500226A96 /* LaunchScreen.storyboard */ = {
			isa = PBXVariantGroup;
			children = (
				392929331E15CF0500226A96 /* Base */,
			);
			name = LaunchScreen.storyboard;
			sourceTree = "<group>";
		};
/* End PBXVariantGroup section */

/* Begin XCBuildConfiguration section */
		392929361E15CF0500226A96 /* Debug */ = {
			isa = XCBuildConfiguration;
			buildSettings = {
				ALWAYS_SEARCH_USER_PATHS = NO;
				CLANG_ANALYZER_NONNULL = YES;
				CLANG_CXX_LANGUAGE_STANDARD = "gnu++0x";
				CLANG_CXX_LIBRARY = "libc++";
				CLANG_ENABLE_MODULES = YES;
				CLANG_ENABLE_OBJC_ARC = YES;
				CLANG_WARN_BOOL_CONVERSION = YES;
				CLANG_WARN_CONSTANT_CONVERSION = YES;
				CLANG_WARN_DIRECT_OBJC_ISA_USAGE = YES_ERROR;
				CLANG_WARN_DOCUMENTATION_COMMENTS = YES;
				CLANG_WARN_EMPTY_BODY = YES;
				CLANG_WARN_ENUM_CONVERSION = YES;
				CLANG_WARN_INFINITE_RECURSION = YES;
				CLANG_WARN_INT_CONVERSION = YES;
				CLANG_WARN_OBJC_ROOT_CLASS = YES_ERROR;
				CLANG_WARN_SUSPICIOUS_MOVE = YES;
				CLANG_WARN_UNREACHABLE_CODE = YES;
				CLANG_WARN__DUPLICATE_METHOD_MATCH = YES;
				"CODE_SIGN_IDENTITY[sdk=iphoneos*]" = "iPhone Developer";
				COPY_PHASE_STRIP = NO;
				DEBUG_INFORMATION_FORMAT = dwarf;
				ENABLE_STRICT_OBJC_MSGSEND = YES;
				ENABLE_TESTABILITY = YES;
				GCC_C_LANGUAGE_STANDARD = gnu99;
				GCC_DYNAMIC_NO_PIC = NO;
				GCC_NO_COMMON_BLOCKS = YES;
				GCC_OPTIMIZATION_LEVEL = 0;
				GCC_PREPROCESSOR_DEFINITIONS = (
					"DEBUG=1",
					"$(inherited)",
				);
				GCC_WARN_64_TO_32_BIT_CONVERSION = YES;
				GCC_WARN_ABOUT_RETURN_TYPE = YES_ERROR;
				GCC_WARN_UNDECLARED_SELECTOR = YES;
				GCC_WARN_UNINITIALIZED_AUTOS = YES_AGGRESSIVE;
				GCC_WARN_UNUSED_FUNCTION = YES;
				GCC_WARN_UNUSED_VARIABLE = YES;
				IPHONEOS_DEPLOYMENT_TARGET = 10.2;
				MTL_ENABLE_DEBUG_INFO = YES;
				ONLY_ACTIVE_ARCH = YES;
				SDKROOT = iphoneos;
				SWIFT_ACTIVE_COMPILATION_CONDITIONS = DEBUG;
				SWIFT_OPTIMIZATION_LEVEL = "-Onone";
				TARGETED_DEVICE_FAMILY = "1,2";
			};
			name = Debug;
		};
		392929371E15CF0500226A96 /* Release */ = {
			isa = XCBuildConfiguration;
			buildSettings = {
				ALWAYS_SEARCH_USER_PATHS = NO;
				CLANG_ANALYZER_NONNULL = YES;
				CLANG_CXX_LANGUAGE_STANDARD = "gnu++0x";
				CLANG_CXX_LIBRARY = "libc++";
				CLANG_ENABLE_MODULES = YES;
				CLANG_ENABLE_OBJC_ARC = YES;
				CLANG_WARN_BOOL_CONVERSION = YES;
				CLANG_WARN_CONSTANT_CONVERSION = YES;
				CLANG_WARN_DIRECT_OBJC_ISA_USAGE = YES_ERROR;
				CLANG_WARN_DOCUMENTATION_COMMENTS = YES;
				CLANG_WARN_EMPTY_BODY = YES;
				CLANG_WARN_ENUM_CONVERSION = YES;
				CLANG_WARN_INFINITE_RECURSION = YES;
				CLANG_WARN_INT_CONVERSION = YES;
				CLANG_WARN_OBJC_ROOT_CLASS = YES_ERROR;
				CLANG_WARN_SUSPICIOUS_MOVE = YES;
				CLANG_WARN_UNREACHABLE_CODE = YES;
				CLANG_WARN__DUPLICATE_METHOD_MATCH = YES;
				"CODE_SIGN_IDENTITY[sdk=iphoneos*]" = "iPhone Developer";
				COPY_PHASE_STRIP = NO;
				DEBUG_INFORMATION_FORMAT = "dwarf-with-dsym";
				ENABLE_NS_ASSERTIONS = NO;
				ENABLE_STRICT_OBJC_MSGSEND = YES;
				GCC_C_LANGUAGE_STANDARD = gnu99;
				GCC_NO_COMMON_BLOCKS = YES;
				GCC_WARN_64_TO_32_BIT_CONVERSION = YES;
				GCC_WARN_ABOUT_RETURN_TYPE = YES_ERROR;
				GCC_WARN_UNDECLARED_SELECTOR = YES;
				GCC_WARN_UNINITIALIZED_AUTOS = YES_AGGRESSIVE;
				GCC_WARN_UNUSED_FUNCTION = YES;
				GCC_WARN_UNUSED_VARIABLE = YES;
				IPHONEOS_DEPLOYMENT_TARGET = 10.2;
				MTL_ENABLE_DEBUG_INFO = NO;
				SDKROOT = iphoneos;
				SWIFT_OPTIMIZATION_LEVEL = "-Owholemodule";
				TARGETED_DEVICE_FAMILY = "1,2";
				VALIDATE_PRODUCT = YES;
			};
			name = Release;
		};
		392929391E15CF0500226A96 /* Debug */ = {
			isa = XCBuildConfiguration;
			buildSettings = {
				ASSETCATALOG_COMPILER_APPICON_NAME = AppIcon;
				DEVELOPMENT_TEAM = C39863V99C;
				INFOPLIST_FILE = UdemyFortyThree/Info.plist;
				LD_RUNPATH_SEARCH_PATHS = "$(inherited) @executable_path/Frameworks";
				PRODUCT_BUNDLE_IDENTIFIER = com.rdhupia.project.UdemyFortyThree;
				PRODUCT_NAME = "$(TARGET_NAME)";
				SWIFT_VERSION = 3.0;
			};
			name = Debug;
		};
		3929293A1E15CF0500226A96 /* Release */ = {
			isa = XCBuildConfiguration;
			buildSettings = {
				ASSETCATALOG_COMPILER_APPICON_NAME = AppIcon;
				DEVELOPMENT_TEAM = C39863V99C;
				INFOPLIST_FILE = UdemyFortyThree/Info.plist;
				LD_RUNPATH_SEARCH_PATHS = "$(inherited) @executable_path/Frameworks";
				PRODUCT_BUNDLE_IDENTIFIER = com.rdhupia.project.UdemyFortyThree;
				PRODUCT_NAME = "$(TARGET_NAME)";
				SWIFT_VERSION = 3.0;
			};
			name = Release;
		};
/* End XCBuildConfiguration section */

/* Begin XCConfigurationList section */
		392929211E15CF0500226A96 /* Build configuration list for PBXProject "UdemyFortyThree" */ = {
			isa = XCConfigurationList;
			buildConfigurations = (
				392929361E15CF0500226A96 /* Debug */,
				392929371E15CF0500226A96 /* Release */,
			);
			defaultConfigurationIsVisible = 0;
			defaultConfigurationName = Release;
		};
		392929381E15CF0500226A96 /* Build configuration list for PBXNativeTarget "UdemyFortyThree" */ = {
			isa = XCConfigurationList;
			buildConfigurations = (
				392929391E15CF0500226A96 /* Debug */,
				3929293A1E15CF0500226A96 /* Release */,
			);
			defaultConfigurationIsVisible = 0;
			defaultConfigurationName = Release;
		};
/* End XCConfigurationList section */
	};
	rootObject = 3929291E1E15CF0500226A96 /* Project object */;
}
